// !$*UTF8*$!
{
	archiveVersion = 1;
	classes = {
	};
	objectVersion = 50;
	objects = {

/* Begin PBXBuildFile section */
		6C8F45E6CF5ADF58A5AEDFEA /* Pods_LogTests.framework in Frameworks */ = {isa = PBXBuildFile; fileRef = 5216DDB3D3AA17574E6F63FD /* Pods_LogTests.framework */; };
		CF88CB2321F60AD5001CB47E /* BaseLogger.swift in Sources */ = {isa = PBXBuildFile; fileRef = CF88CB2221F60AD5001CB47E /* BaseLogger.swift */; };
		CF94B72C21C036BE002F8F1F /* Log.framework in Frameworks */ = {isa = PBXBuildFile; fileRef = CF94B72221C036BE002F8F1F /* Log.framework */; };
		CF94B73121C036BE002F8F1F /* LogTests.swift in Sources */ = {isa = PBXBuildFile; fileRef = CF94B73021C036BE002F8F1F /* LogTests.swift */; };
		CF94B73321C036BE002F8F1F /* Log.h in Headers */ = {isa = PBXBuildFile; fileRef = CF94B72521C036BE002F8F1F /* Log.h */; settings = {ATTRIBUTES = (Public, ); }; };
		CF94B74621C036DE002F8F1F /* EmptyLogger.swift in Sources */ = {isa = PBXBuildFile; fileRef = CF94B73E21C036DE002F8F1F /* EmptyLogger.swift */; };
		CF94B74721C036DE002F8F1F /* Logger+Level.swift in Sources */ = {isa = PBXBuildFile; fileRef = CF94B73F21C036DE002F8F1F /* Logger+Level.swift */; };
		CF94B74821C036DE002F8F1F /* Logger.swift in Sources */ = {isa = PBXBuildFile; fileRef = CF94B74021C036DE002F8F1F /* Logger.swift */; };
		CF94B74921C036DE002F8F1F /* LogLevel.swift in Sources */ = {isa = PBXBuildFile; fileRef = CF94B74121C036DE002F8F1F /* LogLevel.swift */; };
		CF94B74A21C036DE002F8F1F /* CircularArray.swift in Sources */ = {isa = PBXBuildFile; fileRef = CF94B74321C036DE002F8F1F /* CircularArray.swift */; };
		CF94B74B21C036DE002F8F1F /* LogMessage.swift in Sources */ = {isa = PBXBuildFile; fileRef = CF94B74421C036DE002F8F1F /* LogMessage.swift */; };
		CF94B74C21C036DE002F8F1F /* ConsoleLogger.swift in Sources */ = {isa = PBXBuildFile; fileRef = CF94B74521C036DE002F8F1F /* ConsoleLogger.swift */; };
		CF94B75B21C036FC002F8F1F /* Tests_ConsoleLogger+Queue.swift in Sources */ = {isa = PBXBuildFile; fileRef = CF94B74E21C036FC002F8F1F /* Tests_ConsoleLogger+Queue.swift */; };
		CF94B75C21C036FC002F8F1F /* Tests_ConsoleLogger+History.swift in Sources */ = {isa = PBXBuildFile; fileRef = CF94B74F21C036FC002F8F1F /* Tests_ConsoleLogger+History.swift */; };
		CF94B75D21C036FC002F8F1F /* Tests_ConsoleLogger+Filter+Debug.swift in Sources */ = {isa = PBXBuildFile; fileRef = CF94B75121C036FC002F8F1F /* Tests_ConsoleLogger+Filter+Debug.swift */; };
		CF94B75E21C036FC002F8F1F /* Tests_ConsoleLogger+Filter+Verbose.swift in Sources */ = {isa = PBXBuildFile; fileRef = CF94B75221C036FC002F8F1F /* Tests_ConsoleLogger+Filter+Verbose.swift */; };
		CF94B75F21C036FC002F8F1F /* Tests_ConsoleLogger+Filter+Warning.swift in Sources */ = {isa = PBXBuildFile; fileRef = CF94B75321C036FC002F8F1F /* Tests_ConsoleLogger+Filter+Warning.swift */; };
		CF94B76021C036FC002F8F1F /* Tests_ConsoleLogger+Filter.swift in Sources */ = {isa = PBXBuildFile; fileRef = CF94B75421C036FC002F8F1F /* Tests_ConsoleLogger+Filter.swift */; };
		CF94B76121C036FC002F8F1F /* Tests_ConsoleLogger+Filter+Info.swift in Sources */ = {isa = PBXBuildFile; fileRef = CF94B75521C036FC002F8F1F /* Tests_ConsoleLogger+Filter+Info.swift */; };
		CF94B76221C036FC002F8F1F /* Tests_ConsoleLogger+Filter+None.swift in Sources */ = {isa = PBXBuildFile; fileRef = CF94B75621C036FC002F8F1F /* Tests_ConsoleLogger+Filter+None.swift */; };
		CF94B76321C036FC002F8F1F /* Tests_ConsoleLogger+Filter+Critical.swift in Sources */ = {isa = PBXBuildFile; fileRef = CF94B75721C036FC002F8F1F /* Tests_ConsoleLogger+Filter+Critical.swift */; };
		CF94B76421C036FC002F8F1F /* Tests_ConsoleLogger+Filter+Error.swift in Sources */ = {isa = PBXBuildFile; fileRef = CF94B75821C036FC002F8F1F /* Tests_ConsoleLogger+Filter+Error.swift */; };
		CF94B76521C036FC002F8F1F /* Tests_ConsoleLogger.swift in Sources */ = {isa = PBXBuildFile; fileRef = CF94B75921C036FC002F8F1F /* Tests_ConsoleLogger.swift */; };
		CF94B76621C036FC002F8F1F /* Tests_ConsoleLoggerUtils.swift in Sources */ = {isa = PBXBuildFile; fileRef = CF94B75A21C036FC002F8F1F /* Tests_ConsoleLoggerUtils.swift */; };
		D281A3CDB93BEE0B3C644788 /* Pods_Log.framework in Frameworks */ = {isa = PBXBuildFile; fileRef = 8C0534098E61B4CF71B5CCF9 /* Pods_Log.framework */; };
/* End PBXBuildFile section */

/* Begin PBXContainerItemProxy section */
		CF94B72D21C036BE002F8F1F /* PBXContainerItemProxy */ = {
			isa = PBXContainerItemProxy;
			containerPortal = CF94B71921C036BE002F8F1F /* Project object */;
			proxyType = 1;
			remoteGlobalIDString = CF94B72121C036BE002F8F1F;
			remoteInfo = Log;
		};
/* End PBXContainerItemProxy section */

/* Begin PBXFileReference section */
		31E3FAC0A745693FDD7FD2B8 /* Pods-LogTests.debug.xcconfig */ = {isa = PBXFileReference; includeInIndex = 1; lastKnownFileType = text.xcconfig; name = "Pods-LogTests.debug.xcconfig"; path = "../Pods/Target Support Files/Pods-LogTests/Pods-LogTests.debug.xcconfig"; sourceTree = "<group>"; };
		3CD5E396483B3D118D0D3708 /* Pods-Log.adhoc.xcconfig */ = {isa = PBXFileReference; includeInIndex = 1; lastKnownFileType = text.xcconfig; name = "Pods-Log.adhoc.xcconfig"; path = "../Pods/Target Support Files/Pods-Log/Pods-Log.adhoc.xcconfig"; sourceTree = "<group>"; };
		5216DDB3D3AA17574E6F63FD /* Pods_LogTests.framework */ = {isa = PBXFileReference; explicitFileType = wrapper.framework; includeInIndex = 0; path = Pods_LogTests.framework; sourceTree = BUILT_PRODUCTS_DIR; };
		8C0534098E61B4CF71B5CCF9 /* Pods_Log.framework */ = {isa = PBXFileReference; explicitFileType = wrapper.framework; includeInIndex = 0; path = Pods_Log.framework; sourceTree = BUILT_PRODUCTS_DIR; };
		C3A5DF866A2EAB5C7DCC5165 /* Pods-LogTests.adhoc.xcconfig */ = {isa = PBXFileReference; includeInIndex = 1; lastKnownFileType = text.xcconfig; name = "Pods-LogTests.adhoc.xcconfig"; path = "../Pods/Target Support Files/Pods-LogTests/Pods-LogTests.adhoc.xcconfig"; sourceTree = "<group>"; };
		CC96638036E79E6D2B259EC7 /* Pods-LogTests.release.xcconfig */ = {isa = PBXFileReference; includeInIndex = 1; lastKnownFileType = text.xcconfig; name = "Pods-LogTests.release.xcconfig"; path = "../Pods/Target Support Files/Pods-LogTests/Pods-LogTests.release.xcconfig"; sourceTree = "<group>"; };
		CF88CB2221F60AD5001CB47E /* BaseLogger.swift */ = {isa = PBXFileReference; lastKnownFileType = sourcecode.swift; path = BaseLogger.swift; sourceTree = "<group>"; };
		CF94B72221C036BE002F8F1F /* Log.framework */ = {isa = PBXFileReference; explicitFileType = wrapper.framework; includeInIndex = 0; path = Log.framework; sourceTree = BUILT_PRODUCTS_DIR; };
		CF94B72521C036BE002F8F1F /* Log.h */ = {isa = PBXFileReference; lastKnownFileType = sourcecode.c.h; path = Log.h; sourceTree = "<group>"; };
		CF94B72621C036BE002F8F1F /* Info.plist */ = {isa = PBXFileReference; lastKnownFileType = text.plist.xml; path = Info.plist; sourceTree = "<group>"; };
		CF94B72B21C036BE002F8F1F /* LogTests.xctest */ = {isa = PBXFileReference; explicitFileType = wrapper.cfbundle; includeInIndex = 0; path = LogTests.xctest; sourceTree = BUILT_PRODUCTS_DIR; };
		CF94B73021C036BE002F8F1F /* LogTests.swift */ = {isa = PBXFileReference; lastKnownFileType = sourcecode.swift; path = LogTests.swift; sourceTree = "<group>"; };
		CF94B73221C036BE002F8F1F /* Info.plist */ = {isa = PBXFileReference; lastKnownFileType = text.plist.xml; path = Info.plist; sourceTree = "<group>"; };
		CF94B73E21C036DE002F8F1F /* EmptyLogger.swift */ = {isa = PBXFileReference; fileEncoding = 4; lastKnownFileType = sourcecode.swift; path = EmptyLogger.swift; sourceTree = "<group>"; };
		CF94B73F21C036DE002F8F1F /* Logger+Level.swift */ = {isa = PBXFileReference; fileEncoding = 4; lastKnownFileType = sourcecode.swift; path = "Logger+Level.swift"; sourceTree = "<group>"; };
		CF94B74021C036DE002F8F1F /* Logger.swift */ = {isa = PBXFileReference; fileEncoding = 4; lastKnownFileType = sourcecode.swift; path = Logger.swift; sourceTree = "<group>"; };
		CF94B74121C036DE002F8F1F /* LogLevel.swift */ = {isa = PBXFileReference; fileEncoding = 4; lastKnownFileType = sourcecode.swift; path = LogLevel.swift; sourceTree = "<group>"; };
		CF94B74321C036DE002F8F1F /* CircularArray.swift */ = {isa = PBXFileReference; fileEncoding = 4; lastKnownFileType = sourcecode.swift; path = CircularArray.swift; sourceTree = "<group>"; };
		CF94B74421C036DE002F8F1F /* LogMessage.swift */ = {isa = PBXFileReference; fileEncoding = 4; lastKnownFileType = sourcecode.swift; path = LogMessage.swift; sourceTree = "<group>"; };
		CF94B74521C036DE002F8F1F /* ConsoleLogger.swift */ = {isa = PBXFileReference; fileEncoding = 4; lastKnownFileType = sourcecode.swift; path = ConsoleLogger.swift; sourceTree = "<group>"; };
		CF94B74E21C036FC002F8F1F /* Tests_ConsoleLogger+Queue.swift */ = {isa = PBXFileReference; fileEncoding = 4; lastKnownFileType = sourcecode.swift; path = "Tests_ConsoleLogger+Queue.swift"; sourceTree = "<group>"; };
		CF94B74F21C036FC002F8F1F /* Tests_ConsoleLogger+History.swift */ = {isa = PBXFileReference; fileEncoding = 4; lastKnownFileType = sourcecode.swift; path = "Tests_ConsoleLogger+History.swift"; sourceTree = "<group>"; };
		CF94B75121C036FC002F8F1F /* Tests_ConsoleLogger+Filter+Debug.swift */ = {isa = PBXFileReference; fileEncoding = 4; lastKnownFileType = sourcecode.swift; path = "Tests_ConsoleLogger+Filter+Debug.swift"; sourceTree = "<group>"; };
		CF94B75221C036FC002F8F1F /* Tests_ConsoleLogger+Filter+Verbose.swift */ = {isa = PBXFileReference; fileEncoding = 4; lastKnownFileType = sourcecode.swift; path = "Tests_ConsoleLogger+Filter+Verbose.swift"; sourceTree = "<group>"; };
		CF94B75321C036FC002F8F1F /* Tests_ConsoleLogger+Filter+Warning.swift */ = {isa = PBXFileReference; fileEncoding = 4; lastKnownFileType = sourcecode.swift; path = "Tests_ConsoleLogger+Filter+Warning.swift"; sourceTree = "<group>"; };
		CF94B75421C036FC002F8F1F /* Tests_ConsoleLogger+Filter.swift */ = {isa = PBXFileReference; fileEncoding = 4; lastKnownFileType = sourcecode.swift; path = "Tests_ConsoleLogger+Filter.swift"; sourceTree = "<group>"; };
		CF94B75521C036FC002F8F1F /* Tests_ConsoleLogger+Filter+Info.swift */ = {isa = PBXFileReference; fileEncoding = 4; lastKnownFileType = sourcecode.swift; path = "Tests_ConsoleLogger+Filter+Info.swift"; sourceTree = "<group>"; };
		CF94B75621C036FC002F8F1F /* Tests_ConsoleLogger+Filter+None.swift */ = {isa = PBXFileReference; fileEncoding = 4; lastKnownFileType = sourcecode.swift; path = "Tests_ConsoleLogger+Filter+None.swift"; sourceTree = "<group>"; };
		CF94B75721C036FC002F8F1F /* Tests_ConsoleLogger+Filter+Critical.swift */ = {isa = PBXFileReference; fileEncoding = 4; lastKnownFileType = sourcecode.swift; path = "Tests_ConsoleLogger+Filter+Critical.swift"; sourceTree = "<group>"; };
		CF94B75821C036FC002F8F1F /* Tests_ConsoleLogger+Filter+Error.swift */ = {isa = PBXFileReference; fileEncoding = 4; lastKnownFileType = sourcecode.swift; path = "Tests_ConsoleLogger+Filter+Error.swift"; sourceTree = "<group>"; };
		CF94B75921C036FC002F8F1F /* Tests_ConsoleLogger.swift */ = {isa = PBXFileReference; fileEncoding = 4; lastKnownFileType = sourcecode.swift; path = Tests_ConsoleLogger.swift; sourceTree = "<group>"; };
		CF94B75A21C036FC002F8F1F /* Tests_ConsoleLoggerUtils.swift */ = {isa = PBXFileReference; fileEncoding = 4; lastKnownFileType = sourcecode.swift; path = Tests_ConsoleLoggerUtils.swift; sourceTree = "<group>"; };
		CFE458A922A126C900750538 /* Log.podspec */ = {isa = PBXFileReference; lastKnownFileType = text; path = Log.podspec; sourceTree = "<group>"; };
		E66A5036EBC848ABC35E334A /* Pods-Log.debug.xcconfig */ = {isa = PBXFileReference; includeInIndex = 1; lastKnownFileType = text.xcconfig; name = "Pods-Log.debug.xcconfig"; path = "../Pods/Target Support Files/Pods-Log/Pods-Log.debug.xcconfig"; sourceTree = "<group>"; };
		E67CD118FB9997959D75B382 /* Pods-Log.release.xcconfig */ = {isa = PBXFileReference; includeInIndex = 1; lastKnownFileType = text.xcconfig; name = "Pods-Log.release.xcconfig"; path = "../Pods/Target Support Files/Pods-Log/Pods-Log.release.xcconfig"; sourceTree = "<group>"; };
/* End PBXFileReference section */

/* Begin PBXFrameworksBuildPhase section */
		CF94B71F21C036BE002F8F1F /* Frameworks */ = {
			isa = PBXFrameworksBuildPhase;
			buildActionMask = 2147483647;
			files = (
				D281A3CDB93BEE0B3C644788 /* Pods_Log.framework in Frameworks */,
			);
			runOnlyForDeploymentPostprocessing = 0;
		};
		CF94B72821C036BE002F8F1F /* Frameworks */ = {
			isa = PBXFrameworksBuildPhase;
			buildActionMask = 2147483647;
			files = (
				CF94B72C21C036BE002F8F1F /* Log.framework in Frameworks */,
				6C8F45E6CF5ADF58A5AEDFEA /* Pods_LogTests.framework in Frameworks */,
			);
			runOnlyForDeploymentPostprocessing = 0;
		};
/* End PBXFrameworksBuildPhase section */

/* Begin PBXGroup section */
		795A3119ECFE799D774184AE /* Frameworks */ = {
			isa = PBXGroup;
			children = (
				8C0534098E61B4CF71B5CCF9 /* Pods_Log.framework */,
				5216DDB3D3AA17574E6F63FD /* Pods_LogTests.framework */,
			);
			name = Frameworks;
			sourceTree = "<group>";
		};
		C417EC8396A19F24AC030201 /* Pods */ = {
			isa = PBXGroup;
			children = (
				E66A5036EBC848ABC35E334A /* Pods-Log.debug.xcconfig */,
				E67CD118FB9997959D75B382 /* Pods-Log.release.xcconfig */,
				3CD5E396483B3D118D0D3708 /* Pods-Log.adhoc.xcconfig */,
				31E3FAC0A745693FDD7FD2B8 /* Pods-LogTests.debug.xcconfig */,
				CC96638036E79E6D2B259EC7 /* Pods-LogTests.release.xcconfig */,
				C3A5DF866A2EAB5C7DCC5165 /* Pods-LogTests.adhoc.xcconfig */,
			);
			name = Pods;
			sourceTree = "<group>";
		};
		CF94B71821C036BE002F8F1F = {
			isa = PBXGroup;
			children = (
				CFE458A922A126C900750538 /* Log.podspec */,
				CF94B72421C036BE002F8F1F /* Log */,
				CF94B72F21C036BE002F8F1F /* LogTests */,
				CF94B72321C036BE002F8F1F /* Products */,
				C417EC8396A19F24AC030201 /* Pods */,
				795A3119ECFE799D774184AE /* Frameworks */,
			);
			sourceTree = "<group>";
		};
		CF94B72321C036BE002F8F1F /* Products */ = {
			isa = PBXGroup;
			children = (
				CF94B72221C036BE002F8F1F /* Log.framework */,
				CF94B72B21C036BE002F8F1F /* LogTests.xctest */,
			);
			name = Products;
			sourceTree = "<group>";
		};
		CF94B72421C036BE002F8F1F /* Log */ = {
			isa = PBXGroup;
			children = (
				CF94B73C21C036DE002F8F1F /* Logger */,
				CF94B72521C036BE002F8F1F /* Log.h */,
				CF94B72621C036BE002F8F1F /* Info.plist */,
			);
			path = Log;
			sourceTree = "<group>";
		};
		CF94B72F21C036BE002F8F1F /* LogTests */ = {
			isa = PBXGroup;
			children = (
				CF94B74D21C036FC002F8F1F /* Tests */,
				CF94B73021C036BE002F8F1F /* LogTests.swift */,
				CF94B73221C036BE002F8F1F /* Info.plist */,
			);
			path = LogTests;
			sourceTree = "<group>";
		};
		CF94B73C21C036DE002F8F1F /* Logger */ = {
			isa = PBXGroup;
			children = (
				CF94B73D21C036DE002F8F1F /* Empty */,
				CF94B74221C036DE002F8F1F /* Console */,
				CF94B73F21C036DE002F8F1F /* Logger+Level.swift */,
				CF94B74021C036DE002F8F1F /* Logger.swift */,
				CF94B74121C036DE002F8F1F /* LogLevel.swift */,
			);
			path = Logger;
			sourceTree = "<group>";
		};
		CF94B73D21C036DE002F8F1F /* Empty */ = {
			isa = PBXGroup;
			children = (
				CF94B73E21C036DE002F8F1F /* EmptyLogger.swift */,
			);
			path = Empty;
			sourceTree = "<group>";
		};
		CF94B74221C036DE002F8F1F /* Console */ = {
			isa = PBXGroup;
			children = (
				CF94B74321C036DE002F8F1F /* CircularArray.swift */,
				CF94B74421C036DE002F8F1F /* LogMessage.swift */,
				CF94B74521C036DE002F8F1F /* ConsoleLogger.swift */,
				CF88CB2221F60AD5001CB47E /* BaseLogger.swift */,
			);
			path = Console;
			sourceTree = "<group>";
		};
		CF94B74D21C036FC002F8F1F /* Tests */ = {
			isa = PBXGroup;
			children = (
				CF94B74E21C036FC002F8F1F /* Tests_ConsoleLogger+Queue.swift */,
				CF94B74F21C036FC002F8F1F /* Tests_ConsoleLogger+History.swift */,
				CF94B75021C036FC002F8F1F /* Filter */,
				CF94B75921C036FC002F8F1F /* Tests_ConsoleLogger.swift */,
				CF94B75A21C036FC002F8F1F /* Tests_ConsoleLoggerUtils.swift */,
			);
			path = Tests;
			sourceTree = "<group>";
		};
		CF94B75021C036FC002F8F1F /* Filter */ = {
			isa = PBXGroup;
			children = (
				CF94B75121C036FC002F8F1F /* Tests_ConsoleLogger+Filter+Debug.swift */,
				CF94B75221C036FC002F8F1F /* Tests_ConsoleLogger+Filter+Verbose.swift */,
				CF94B75321C036FC002F8F1F /* Tests_ConsoleLogger+Filter+Warning.swift */,
				CF94B75421C036FC002F8F1F /* Tests_ConsoleLogger+Filter.swift */,
				CF94B75521C036FC002F8F1F /* Tests_ConsoleLogger+Filter+Info.swift */,
				CF94B75621C036FC002F8F1F /* Tests_ConsoleLogger+Filter+None.swift */,
				CF94B75721C036FC002F8F1F /* Tests_ConsoleLogger+Filter+Critical.swift */,
				CF94B75821C036FC002F8F1F /* Tests_ConsoleLogger+Filter+Error.swift */,
			);
			path = Filter;
			sourceTree = "<group>";
		};
/* End PBXGroup section */

/* Begin PBXHeadersBuildPhase section */
		CF94B71D21C036BE002F8F1F /* Headers */ = {
			isa = PBXHeadersBuildPhase;
			buildActionMask = 2147483647;
			files = (
				CF94B73321C036BE002F8F1F /* Log.h in Headers */,
			);
			runOnlyForDeploymentPostprocessing = 0;
		};
/* End PBXHeadersBuildPhase section */

/* Begin PBXNativeTarget section */
		CF94B72121C036BE002F8F1F /* Log */ = {
			isa = PBXNativeTarget;
			buildConfigurationList = CF94B73621C036BE002F8F1F /* Build configuration list for PBXNativeTarget "Log" */;
			buildPhases = (
				DB79ABC618BF4D557CE6E4DF /* [CP] Check Pods Manifest.lock */,
				CF94B71D21C036BE002F8F1F /* Headers */,
				CF94B71E21C036BE002F8F1F /* Sources */,
				CF94B71F21C036BE002F8F1F /* Frameworks */,
				CF94B72021C036BE002F8F1F /* Resources */,
			);
			buildRules = (
			);
			dependencies = (
			);
			name = Log;
			productName = Log;
			productReference = CF94B72221C036BE002F8F1F /* Log.framework */;
			productType = "com.apple.product-type.framework";
		};
		CF94B72A21C036BE002F8F1F /* LogTests */ = {
			isa = PBXNativeTarget;
			buildConfigurationList = CF94B73921C036BE002F8F1F /* Build configuration list for PBXNativeTarget "LogTests" */;
			buildPhases = (
				B56FD2F642E34E82C997314E /* [CP] Check Pods Manifest.lock */,
				CF94B72721C036BE002F8F1F /* Sources */,
				CF94B72821C036BE002F8F1F /* Frameworks */,
				CF94B72921C036BE002F8F1F /* Resources */,
			);
			buildRules = (
			);
			dependencies = (
				CF94B72E21C036BE002F8F1F /* PBXTargetDependency */,
			);
			name = LogTests;
			productName = LogTests;
			productReference = CF94B72B21C036BE002F8F1F /* LogTests.xctest */;
			productType = "com.apple.product-type.bundle.unit-test";
		};
/* End PBXNativeTarget section */

/* Begin PBXProject section */
		CF94B71921C036BE002F8F1F /* Project object */ = {
			isa = PBXProject;
			attributes = {
				LastSwiftUpdateCheck = 1010;
				LastUpgradeCheck = 1010;
				ORGANIZATIONNAME = Wunder;
				TargetAttributes = {
					CF94B72121C036BE002F8F1F = {
						CreatedOnToolsVersion = 10.1;
					};
					CF94B72A21C036BE002F8F1F = {
						CreatedOnToolsVersion = 10.1;
					};
				};
			};
			buildConfigurationList = CF94B71C21C036BE002F8F1F /* Build configuration list for PBXProject "Log" */;
			compatibilityVersion = "Xcode 9.3";
			developmentRegion = en;
			hasScannedForEncodings = 0;
			knownRegions = (
				en,
			);
			mainGroup = CF94B71821C036BE002F8F1F;
			productRefGroup = CF94B72321C036BE002F8F1F /* Products */;
			projectDirPath = "";
			projectRoot = "";
			targets = (
				CF94B72121C036BE002F8F1F /* Log */,
				CF94B72A21C036BE002F8F1F /* LogTests */,
			);
		};
/* End PBXProject section */

/* Begin PBXResourcesBuildPhase section */
		CF94B72021C036BE002F8F1F /* Resources */ = {
			isa = PBXResourcesBuildPhase;
			buildActionMask = 2147483647;
			files = (
			);
			runOnlyForDeploymentPostprocessing = 0;
		};
		CF94B72921C036BE002F8F1F /* Resources */ = {
			isa = PBXResourcesBuildPhase;
			buildActionMask = 2147483647;
			files = (
			);
			runOnlyForDeploymentPostprocessing = 0;
		};
/* End PBXResourcesBuildPhase section */

/* Begin PBXShellScriptBuildPhase section */
		B56FD2F642E34E82C997314E /* [CP] Check Pods Manifest.lock */ = {
			isa = PBXShellScriptBuildPhase;
			buildActionMask = 2147483647;
			files = (
			);
			inputFileListPaths = (
			);
			inputPaths = (
				"${PODS_PODFILE_DIR_PATH}/Podfile.lock",
				"${PODS_ROOT}/Manifest.lock",
			);
			name = "[CP] Check Pods Manifest.lock";
			outputFileListPaths = (
			);
			outputPaths = (
				"$(DERIVED_FILE_DIR)/Pods-LogTests-checkManifestLockResult.txt",
			);
			runOnlyForDeploymentPostprocessing = 0;
			shellPath = /bin/sh;
			shellScript = "diff \"${PODS_PODFILE_DIR_PATH}/Podfile.lock\" \"${PODS_ROOT}/Manifest.lock\" > /dev/null\nif [ $? != 0 ] ; then\n    # print error to STDERR\n    echo \"error: The sandbox is not in sync with the Podfile.lock. Run 'pod install' or update your CocoaPods installation.\" >&2\n    exit 1\nfi\n# This output is used by Xcode 'outputs' to avoid re-running this script phase.\necho \"SUCCESS\" > \"${SCRIPT_OUTPUT_FILE_0}\"\n";
			showEnvVarsInLog = 0;
		};
		DB79ABC618BF4D557CE6E4DF /* [CP] Check Pods Manifest.lock */ = {
			isa = PBXShellScriptBuildPhase;
			buildActionMask = 2147483647;
			files = (
			);
			inputFileListPaths = (
			);
			inputPaths = (
				"${PODS_PODFILE_DIR_PATH}/Podfile.lock",
				"${PODS_ROOT}/Manifest.lock",
			);
			name = "[CP] Check Pods Manifest.lock";
			outputFileListPaths = (
			);
			outputPaths = (
				"$(DERIVED_FILE_DIR)/Pods-Log-checkManifestLockResult.txt",
			);
			runOnlyForDeploymentPostprocessing = 0;
			shellPath = /bin/sh;
			shellScript = "diff \"${PODS_PODFILE_DIR_PATH}/Podfile.lock\" \"${PODS_ROOT}/Manifest.lock\" > /dev/null\nif [ $? != 0 ] ; then\n    # print error to STDERR\n    echo \"error: The sandbox is not in sync with the Podfile.lock. Run 'pod install' or update your CocoaPods installation.\" >&2\n    exit 1\nfi\n# This output is used by Xcode 'outputs' to avoid re-running this script phase.\necho \"SUCCESS\" > \"${SCRIPT_OUTPUT_FILE_0}\"\n";
			showEnvVarsInLog = 0;
		};
/* End PBXShellScriptBuildPhase section */

/* Begin PBXSourcesBuildPhase section */
		CF94B71E21C036BE002F8F1F /* Sources */ = {
			isa = PBXSourcesBuildPhase;
			buildActionMask = 2147483647;
			files = (
				CF94B74C21C036DE002F8F1F /* ConsoleLogger.swift in Sources */,
				CF94B74B21C036DE002F8F1F /* LogMessage.swift in Sources */,
				CF94B74721C036DE002F8F1F /* Logger+Level.swift in Sources */,
				CF94B74821C036DE002F8F1F /* Logger.swift in Sources */,
				CF94B74621C036DE002F8F1F /* EmptyLogger.swift in Sources */,
				CF94B74A21C036DE002F8F1F /* CircularArray.swift in Sources */,
				CF88CB2321F60AD5001CB47E /* BaseLogger.swift in Sources */,
				CF94B74921C036DE002F8F1F /* LogLevel.swift in Sources */,
			);
			runOnlyForDeploymentPostprocessing = 0;
		};
		CF94B72721C036BE002F8F1F /* Sources */ = {
			isa = PBXSourcesBuildPhase;
			buildActionMask = 2147483647;
			files = (
				CF94B73121C036BE002F8F1F /* LogTests.swift in Sources */,
				CF94B76521C036FC002F8F1F /* Tests_ConsoleLogger.swift in Sources */,
				CF94B75D21C036FC002F8F1F /* Tests_ConsoleLogger+Filter+Debug.swift in Sources */,
				CF94B76321C036FC002F8F1F /* Tests_ConsoleLogger+Filter+Critical.swift in Sources */,
				CF94B76021C036FC002F8F1F /* Tests_ConsoleLogger+Filter.swift in Sources */,
				CF94B76621C036FC002F8F1F /* Tests_ConsoleLoggerUtils.swift in Sources */,
				CF94B76221C036FC002F8F1F /* Tests_ConsoleLogger+Filter+None.swift in Sources */,
				CF94B75C21C036FC002F8F1F /* Tests_ConsoleLogger+History.swift in Sources */,
				CF94B75B21C036FC002F8F1F /* Tests_ConsoleLogger+Queue.swift in Sources */,
				CF94B76121C036FC002F8F1F /* Tests_ConsoleLogger+Filter+Info.swift in Sources */,
				CF94B75F21C036FC002F8F1F /* Tests_ConsoleLogger+Filter+Warning.swift in Sources */,
				CF94B76421C036FC002F8F1F /* Tests_ConsoleLogger+Filter+Error.swift in Sources */,
				CF94B75E21C036FC002F8F1F /* Tests_ConsoleLogger+Filter+Verbose.swift in Sources */,
			);
			runOnlyForDeploymentPostprocessing = 0;
		};
/* End PBXSourcesBuildPhase section */

/* Begin PBXTargetDependency section */
		CF94B72E21C036BE002F8F1F /* PBXTargetDependency */ = {
			isa = PBXTargetDependency;
			target = CF94B72121C036BE002F8F1F /* Log */;
			targetProxy = CF94B72D21C036BE002F8F1F /* PBXContainerItemProxy */;
		};
/* End PBXTargetDependency section */

/* Begin XCBuildConfiguration section */
		CF94B73421C036BE002F8F1F /* Debug */ = {
			isa = XCBuildConfiguration;
			buildSettings = {
				ALWAYS_SEARCH_USER_PATHS = NO;
				CLANG_ANALYZER_NONNULL = YES;
				CLANG_ANALYZER_NUMBER_OBJECT_CONVERSION = YES_AGGRESSIVE;
				CLANG_CXX_LANGUAGE_STANDARD = "gnu++14";
				CLANG_CXX_LIBRARY = "libc++";
				CLANG_ENABLE_MODULES = YES;
				CLANG_ENABLE_OBJC_ARC = YES;
				CLANG_ENABLE_OBJC_WEAK = YES;
				CLANG_WARN_BLOCK_CAPTURE_AUTORELEASING = YES;
				CLANG_WARN_BOOL_CONVERSION = YES;
				CLANG_WARN_COMMA = YES;
				CLANG_WARN_CONSTANT_CONVERSION = YES;
				CLANG_WARN_DEPRECATED_OBJC_IMPLEMENTATIONS = YES;
				CLANG_WARN_DIRECT_OBJC_ISA_USAGE = YES_ERROR;
				CLANG_WARN_DOCUMENTATION_COMMENTS = YES;
				CLANG_WARN_EMPTY_BODY = YES;
				CLANG_WARN_ENUM_CONVERSION = YES;
				CLANG_WARN_INFINITE_RECURSION = YES;
				CLANG_WARN_INT_CONVERSION = YES;
				CLANG_WARN_NON_LITERAL_NULL_CONVERSION = YES;
				CLANG_WARN_OBJC_IMPLICIT_RETAIN_SELF = YES;
				CLANG_WARN_OBJC_LITERAL_CONVERSION = YES;
				CLANG_WARN_OBJC_ROOT_CLASS = YES_ERROR;
				CLANG_WARN_RANGE_LOOP_ANALYSIS = YES;
				CLANG_WARN_STRICT_PROTOTYPES = YES;
				CLANG_WARN_SUSPICIOUS_MOVE = YES;
				CLANG_WARN_UNGUARDED_AVAILABILITY = YES_AGGRESSIVE;
				CLANG_WARN_UNREACHABLE_CODE = YES;
				CLANG_WARN__DUPLICATE_METHOD_MATCH = YES;
				CODE_SIGN_IDENTITY = "iPhone Developer";
				COPY_PHASE_STRIP = NO;
				CURRENT_PROJECT_VERSION = 1;
				DEBUG_INFORMATION_FORMAT = dwarf;
				ENABLE_STRICT_OBJC_MSGSEND = YES;
				ENABLE_TESTABILITY = YES;
				GCC_C_LANGUAGE_STANDARD = gnu11;
				GCC_DYNAMIC_NO_PIC = NO;
				GCC_NO_COMMON_BLOCKS = YES;
				GCC_OPTIMIZATION_LEVEL = 0;
				GCC_PREPROCESSOR_DEFINITIONS = (
					"DEBUG=1",
					"$(inherited)",
				);
				GCC_WARN_64_TO_32_BIT_CONVERSION = YES;
				GCC_WARN_ABOUT_RETURN_TYPE = YES_ERROR;
				GCC_WARN_UNDECLARED_SELECTOR = YES;
				GCC_WARN_UNINITIALIZED_AUTOS = YES_AGGRESSIVE;
				GCC_WARN_UNUSED_FUNCTION = YES;
				GCC_WARN_UNUSED_VARIABLE = YES;
				IPHONEOS_DEPLOYMENT_TARGET = 10.0;
				MTL_ENABLE_DEBUG_INFO = INCLUDE_SOURCE;
				MTL_FAST_MATH = YES;
				ONLY_ACTIVE_ARCH = YES;
				SDKROOT = iphoneos;
				SWIFT_ACTIVE_COMPILATION_CONDITIONS = DEBUG;
				SWIFT_OPTIMIZATION_LEVEL = "-Onone";
				VERSIONING_SYSTEM = "apple-generic";
				VERSION_INFO_PREFIX = "";
			};
			name = Debug;
		};
		CF94B73521C036BE002F8F1F /* Release */ = {
			isa = XCBuildConfiguration;
			buildSettings = {
				ALWAYS_SEARCH_USER_PATHS = NO;
				CLANG_ANALYZER_NONNULL = YES;
				CLANG_ANALYZER_NUMBER_OBJECT_CONVERSION = YES_AGGRESSIVE;
				CLANG_CXX_LANGUAGE_STANDARD = "gnu++14";
				CLANG_CXX_LIBRARY = "libc++";
				CLANG_ENABLE_MODULES = YES;
				CLANG_ENABLE_OBJC_ARC = YES;
				CLANG_ENABLE_OBJC_WEAK = YES;
				CLANG_WARN_BLOCK_CAPTURE_AUTORELEASING = YES;
				CLANG_WARN_BOOL_CONVERSION = YES;
				CLANG_WARN_COMMA = YES;
				CLANG_WARN_CONSTANT_CONVERSION = YES;
				CLANG_WARN_DEPRECATED_OBJC_IMPLEMENTATIONS = YES;
				CLANG_WARN_DIRECT_OBJC_ISA_USAGE = YES_ERROR;
				CLANG_WARN_DOCUMENTATION_COMMENTS = YES;
				CLANG_WARN_EMPTY_BODY = YES;
				CLANG_WARN_ENUM_CONVERSION = YES;
				CLANG_WARN_INFINITE_RECURSION = YES;
				CLANG_WARN_INT_CONVERSION = YES;
				CLANG_WARN_NON_LITERAL_NULL_CONVERSION = YES;
				CLANG_WARN_OBJC_IMPLICIT_RETAIN_SELF = YES;
				CLANG_WARN_OBJC_LITERAL_CONVERSION = YES;
				CLANG_WARN_OBJC_ROOT_CLASS = YES_ERROR;
				CLANG_WARN_RANGE_LOOP_ANALYSIS = YES;
				CLANG_WARN_STRICT_PROTOTYPES = YES;
				CLANG_WARN_SUSPICIOUS_MOVE = YES;
				CLANG_WARN_UNGUARDED_AVAILABILITY = YES_AGGRESSIVE;
				CLANG_WARN_UNREACHABLE_CODE = YES;
				CLANG_WARN__DUPLICATE_METHOD_MATCH = YES;
				CODE_SIGN_IDENTITY = "iPhone Developer";
				COPY_PHASE_STRIP = NO;
				CURRENT_PROJECT_VERSION = 1;
				DEBUG_INFORMATION_FORMAT = "dwarf-with-dsym";
				ENABLE_NS_ASSERTIONS = NO;
				ENABLE_STRICT_OBJC_MSGSEND = YES;
				GCC_C_LANGUAGE_STANDARD = gnu11;
				GCC_NO_COMMON_BLOCKS = YES;
				GCC_WARN_64_TO_32_BIT_CONVERSION = YES;
				GCC_WARN_ABOUT_RETURN_TYPE = YES_ERROR;
				GCC_WARN_UNDECLARED_SELECTOR = YES;
				GCC_WARN_UNINITIALIZED_AUTOS = YES_AGGRESSIVE;
				GCC_WARN_UNUSED_FUNCTION = YES;
				GCC_WARN_UNUSED_VARIABLE = YES;
				IPHONEOS_DEPLOYMENT_TARGET = 10.0;
				MTL_ENABLE_DEBUG_INFO = NO;
				MTL_FAST_MATH = YES;
				SDKROOT = iphoneos;
				SWIFT_COMPILATION_MODE = wholemodule;
				SWIFT_OPTIMIZATION_LEVEL = "-O";
				VALIDATE_PRODUCT = YES;
				VERSIONING_SYSTEM = "apple-generic";
				VERSION_INFO_PREFIX = "";
			};
			name = Release;
		};
		CF94B73721C036BE002F8F1F /* Debug */ = {
			isa = XCBuildConfiguration;
			baseConfigurationReference = E66A5036EBC848ABC35E334A /* Pods-Log.debug.xcconfig */;
			buildSettings = {
				CODE_SIGN_IDENTITY = "";
				CODE_SIGN_STYLE = Manual;
				DEFINES_MODULE = YES;
				DEVELOPMENT_TEAM = "";
				DYLIB_COMPATIBILITY_VERSION = 1;
				DYLIB_CURRENT_VERSION = 1;
				DYLIB_INSTALL_NAME_BASE = "@rpath";
				INFOPLIST_FILE = Log/Info.plist;
				INSTALL_PATH = "$(LOCAL_LIBRARY_DIR)/Frameworks";
				LD_RUNPATH_SEARCH_PATHS = (
					"$(inherited)",
					"@executable_path/Frameworks",
					"@loader_path/Frameworks",
				);
				PRODUCT_BUNDLE_IDENTIFIER = org.wundermobility.Log;
				PRODUCT_NAME = "$(TARGET_NAME:c99extidentifier)";
				PROVISIONING_PROFILE_SPECIFIER = "";
				SKIP_INSTALL = YES;
				SWIFT_VERSION = 5.0;
				TARGETED_DEVICE_FAMILY = "1,2";
			};
			name = Debug;
		};
		CF94B73821C036BE002F8F1F /* Release */ = {
			isa = XCBuildConfiguration;
			baseConfigurationReference = E67CD118FB9997959D75B382 /* Pods-Log.release.xcconfig */;
			buildSettings = {
				CODE_SIGN_IDENTITY = "";
				CODE_SIGN_STYLE = Manual;
				DEFINES_MODULE = YES;
				DEVELOPMENT_TEAM = "";
				DYLIB_COMPATIBILITY_VERSION = 1;
				DYLIB_CURRENT_VERSION = 1;
				DYLIB_INSTALL_NAME_BASE = "@rpath";
				INFOPLIST_FILE = Log/Info.plist;
				INSTALL_PATH = "$(LOCAL_LIBRARY_DIR)/Frameworks";
				LD_RUNPATH_SEARCH_PATHS = (
					"$(inherited)",
					"@executable_path/Frameworks",
					"@loader_path/Frameworks",
				);
				PRODUCT_BUNDLE_IDENTIFIER = org.wundermobility.Log;
				PRODUCT_NAME = "$(TARGET_NAME:c99extidentifier)";
				PROVISIONING_PROFILE_SPECIFIER = "";
				SKIP_INSTALL = YES;
				SWIFT_VERSION = 5.0;
				TARGETED_DEVICE_FAMILY = "1,2";
			};
			name = Release;
		};
		CF94B73A21C036BE002F8F1F /* Debug */ = {
			isa = XCBuildConfiguration;
			baseConfigurationReference = 31E3FAC0A745693FDD7FD2B8 /* Pods-LogTests.debug.xcconfig */;
			buildSettings = {
				ALWAYS_EMBED_SWIFT_STANDARD_LIBRARIES = YES;
				CODE_SIGN_STYLE = Automatic;
				DEVELOPMENT_TEAM = 45PC397VHR;
				INFOPLIST_FILE = LogTests/Info.plist;
				LD_RUNPATH_SEARCH_PATHS = (
					"$(inherited)",
					"@executable_path/Frameworks",
					"@loader_path/Frameworks",
				);
				PRODUCT_BUNDLE_IDENTIFIER = com.vcrespo.LogTests;
				PRODUCT_NAME = "$(TARGET_NAME)";
				SWIFT_VERSION = 5.0;
				TARGETED_DEVICE_FAMILY = "1,2";
			};
			name = Debug;
		};
		CF94B73B21C036BE002F8F1F /* Release */ = {
			isa = XCBuildConfiguration;
			baseConfigurationReference = CC96638036E79E6D2B259EC7 /* Pods-LogTests.release.xcconfig */;
			buildSettings = {
				ALWAYS_EMBED_SWIFT_STANDARD_LIBRARIES = YES;
				CODE_SIGN_STYLE = Automatic;
				DEVELOPMENT_TEAM = 45PC397VHR;
				INFOPLIST_FILE = LogTests/Info.plist;
				LD_RUNPATH_SEARCH_PATHS = (
					"$(inherited)",
					"@executable_path/Frameworks",
					"@loader_path/Frameworks",
				);
				PRODUCT_BUNDLE_IDENTIFIER = com.vcrespo.LogTests;
				PRODUCT_NAME = "$(TARGET_NAME)";
				SWIFT_VERSION = 5.0;
				TARGETED_DEVICE_FAMILY = "1,2";
			};
			name = Release;
		};
		CF94B76E21C037BE002F8F1F /* Adhoc */ = {
			isa = XCBuildConfiguration;
			buildSettings = {
				ALWAYS_SEARCH_USER_PATHS = NO;
				CLANG_ANALYZER_NONNULL = YES;
				CLANG_ANALYZER_NUMBER_OBJECT_CONVERSION = YES_AGGRESSIVE;
				CLANG_CXX_LANGUAGE_STANDARD = "gnu++14";
				CLANG_CXX_LIBRARY = "libc++";
				CLANG_ENABLE_MODULES = YES;
				CLANG_ENABLE_OBJC_ARC = YES;
				CLANG_ENABLE_OBJC_WEAK = YES;
				CLANG_WARN_BLOCK_CAPTURE_AUTORELEASING = YES;
				CLANG_WARN_BOOL_CONVERSION = YES;
				CLANG_WARN_COMMA = YES;
				CLANG_WARN_CONSTANT_CONVERSION = YES;
				CLANG_WARN_DEPRECATED_OBJC_IMPLEMENTATIONS = YES;
				CLANG_WARN_DIRECT_OBJC_ISA_USAGE = YES_ERROR;
				CLANG_WARN_DOCUMENTATION_COMMENTS = YES;
				CLANG_WARN_EMPTY_BODY = YES;
				CLANG_WARN_ENUM_CONVERSION = YES;
				CLANG_WARN_INFINITE_RECURSION = YES;
				CLANG_WARN_INT_CONVERSION = YES;
				CLANG_WARN_NON_LITERAL_NULL_CONVERSION = YES;
				CLANG_WARN_OBJC_IMPLICIT_RETAIN_SELF = YES;
				CLANG_WARN_OBJC_LITERAL_CONVERSION = YES;
				CLANG_WARN_OBJC_ROOT_CLASS = YES_ERROR;
				CLANG_WARN_RANGE_LOOP_ANALYSIS = YES;
				CLANG_WARN_STRICT_PROTOTYPES = YES;
				CLANG_WARN_SUSPICIOUS_MOVE = YES;
				CLANG_WARN_UNGUARDED_AVAILABILITY = YES_AGGRESSIVE;
				CLANG_WARN_UNREACHABLE_CODE = YES;
				CLANG_WARN__DUPLICATE_METHOD_MATCH = YES;
				CODE_SIGN_IDENTITY = "iPhone Developer";
				COPY_PHASE_STRIP = NO;
				CURRENT_PROJECT_VERSION = 1;
				DEBUG_INFORMATION_FORMAT = "dwarf-with-dsym";
				ENABLE_NS_ASSERTIONS = NO;
				ENABLE_STRICT_OBJC_MSGSEND = YES;
				GCC_C_LANGUAGE_STANDARD = gnu11;
				GCC_NO_COMMON_BLOCKS = YES;
				GCC_WARN_64_TO_32_BIT_CONVERSION = YES;
				GCC_WARN_ABOUT_RETURN_TYPE = YES_ERROR;
				GCC_WARN_UNDECLARED_SELECTOR = YES;
				GCC_WARN_UNINITIALIZED_AUTOS = YES_AGGRESSIVE;
				GCC_WARN_UNUSED_FUNCTION = YES;
				GCC_WARN_UNUSED_VARIABLE = YES;
				IPHONEOS_DEPLOYMENT_TARGET = 10.0;
				MTL_ENABLE_DEBUG_INFO = NO;
				MTL_FAST_MATH = YES;
				SDKROOT = iphoneos;
				SWIFT_COMPILATION_MODE = wholemodule;
				SWIFT_OPTIMIZATION_LEVEL = "-O";
				VALIDATE_PRODUCT = YES;
				VERSIONING_SYSTEM = "apple-generic";
				VERSION_INFO_PREFIX = "";
			};
			name = Adhoc;
		};
		CF94B76F21C037BE002F8F1F /* Adhoc */ = {
			isa = XCBuildConfiguration;
			baseConfigurationReference = 3CD5E396483B3D118D0D3708 /* Pods-Log.adhoc.xcconfig */;
			buildSettings = {
				CODE_SIGN_IDENTITY = "";
				CODE_SIGN_STYLE = Manual;
				DEFINES_MODULE = YES;
				DEVELOPMENT_TEAM = "";
				DYLIB_COMPATIBILITY_VERSION = 1;
				DYLIB_CURRENT_VERSION = 1;
				DYLIB_INSTALL_NAME_BASE = "@rpath";
				INFOPLIST_FILE = Log/Info.plist;
				INSTALL_PATH = "$(LOCAL_LIBRARY_DIR)/Frameworks";
				LD_RUNPATH_SEARCH_PATHS = (
					"$(inherited)",
					"@executable_path/Frameworks",
					"@loader_path/Frameworks",
				);
				PRODUCT_BUNDLE_IDENTIFIER = org.wundermobility.Log;
				PRODUCT_NAME = "$(TARGET_NAME:c99extidentifier)";
				PROVISIONING_PROFILE_SPECIFIER = "";
				SKIP_INSTALL = YES;
				SWIFT_VERSION = 5.0;
				TARGETED_DEVICE_FAMILY = "1,2";
			};
			name = Adhoc;
		};
		CF94B77021C037BE002F8F1F /* Adhoc */ = {
			isa = XCBuildConfiguration;
			baseConfigurationReference = C3A5DF866A2EAB5C7DCC5165 /* Pods-LogTests.adhoc.xcconfig */;
			buildSettings = {
				ALWAYS_EMBED_SWIFT_STANDARD_LIBRARIES = YES;
				CODE_SIGN_STYLE = Automatic;
				DEVELOPMENT_TEAM = 45PC397VHR;
				INFOPLIST_FILE = LogTests/Info.plist;
				LD_RUNPATH_SEARCH_PATHS = (
					"$(inherited)",
					"@executable_path/Frameworks",
					"@loader_path/Frameworks",
				);
				PRODUCT_BUNDLE_IDENTIFIER = com.vcrespo.LogTests;
				PRODUCT_NAME = "$(TARGET_NAME)";
				SWIFT_VERSION = 5.0;
				TARGETED_DEVICE_FAMILY = "1,2";
			};
			name = Adhoc;
		};
/* End XCBuildConfiguration section */

/* Begin XCConfigurationList section */
		CF94B71C21C036BE002F8F1F /* Build configuration list for PBXProject "Log" */ = {
			isa = XCConfigurationList;
			buildConfigurations = (
				CF94B73421C036BE002F8F1F /* Debug */,
				CF94B73521C036BE002F8F1F /* Release */,
				CF94B76E21C037BE002F8F1F /* Adhoc */,
			);
			defaultConfigurationIsVisible = 0;
			defaultConfigurationName = Release;
		};
		CF94B73621C036BE002F8F1F /* Build configuration list for PBXNativeTarget "Log" */ = {
			isa = XCConfigurationList;
			buildConfigurations = (
				CF94B73721C036BE002F8F1F /* Debug */,
				CF94B73821C036BE002F8F1F /* Release */,
				CF94B76F21C037BE002F8F1F /* Adhoc */,
			);
			defaultConfigurationIsVisible = 0;
			defaultConfigurationName = Release;
		};
		CF94B73921C036BE002F8F1F /* Build configuration list for PBXNativeTarget "LogTests" */ = {
			isa = XCConfigurationList;
			buildConfigurations = (
				CF94B73A21C036BE002F8F1F /* Debug */,
				CF94B73B21C036BE002F8F1F /* Release */,
				CF94B77021C037BE002F8F1F /* Adhoc */,
			);
			defaultConfigurationIsVisible = 0;
			defaultConfigurationName = Release;
		};
/* End XCConfigurationList section */
	};
	rootObject = CF94B71921C036BE002F8F1F /* Project object */;
}
